// !$*UTF8*$!
{
	archiveVersion = 1;
	classes = {
	};
	objectVersion = 56;
	objects = {

/* Begin PBXBuildFile section */
		3653F33C2C1C97B700A5CDAA /* AppDelegate.swift in Sources */ = {isa = PBXBuildFile; fileRef = 3653F33B2C1C97B700A5CDAA /* AppDelegate.swift */; };
		3653F33E2C1C97B700A5CDAA /* SceneDelegate.swift in Sources */ = {isa = PBXBuildFile; fileRef = 3653F33D2C1C97B700A5CDAA /* SceneDelegate.swift */; };
		3653F3452C1C97B800A5CDAA /* Assets.xcassets in Resources */ = {isa = PBXBuildFile; fileRef = 3653F3442C1C97B800A5CDAA /* Assets.xcassets */; };
		3653F3482C1C97B800A5CDAA /* LaunchScreen.storyboard in Resources */ = {isa = PBXBuildFile; fileRef = 3653F3462C1C97B800A5CDAA /* LaunchScreen.storyboard */; };
		3653F3552C1C987700A5CDAA /* MainVC.swift in Sources */ = {isa = PBXBuildFile; fileRef = 3653F3532C1C987700A5CDAA /* MainVC.swift */; };
		3653F3562C1C987700A5CDAA /* MainVC.xib in Resources */ = {isa = PBXBuildFile; fileRef = 3653F3542C1C987700A5CDAA /* MainVC.xib */; };
		3653F35B2C1C98A600A5CDAA /* MainInteractor.swift in Sources */ = {isa = PBXBuildFile; fileRef = 3653F35A2C1C98A600A5CDAA /* MainInteractor.swift */; };
		3653F35E2C1C98FE00A5CDAA /* MainPresenter.swift in Sources */ = {isa = PBXBuildFile; fileRef = 3653F35D2C1C98FE00A5CDAA /* MainPresenter.swift */; };
		3653F3612C1C995000A5CDAA /* MainRouter.swift in Sources */ = {isa = PBXBuildFile; fileRef = 3653F3602C1C995000A5CDAA /* MainRouter.swift */; };
		3653F3642C1C9A1D00A5CDAA /* MainBuilder.swift in Sources */ = {isa = PBXBuildFile; fileRef = 3653F3632C1C9A1D00A5CDAA /* MainBuilder.swift */; };
		3653F3672C1C9DBC00A5CDAA /* UserResponse.swift in Sources */ = {isa = PBXBuildFile; fileRef = 3653F3662C1C9DBC00A5CDAA /* UserResponse.swift */; };
		3653F36A2C1C9DE000A5CDAA /* UserRequest.swift in Sources */ = {isa = PBXBuildFile; fileRef = 3653F3692C1C9DE000A5CDAA /* UserRequest.swift */; };
/* End PBXBuildFile section */

/* Begin PBXFileReference section */
		3653F3382C1C97B700A5CDAA /* VIPEREXAMPLE.app */ = {isa = PBXFileReference; explicitFileType = wrapper.application; includeInIndex = 0; path = VIPEREXAMPLE.app; sourceTree = BUILT_PRODUCTS_DIR; };
		3653F33B2C1C97B700A5CDAA /* AppDelegate.swift */ = {isa = PBXFileReference; lastKnownFileType = sourcecode.swift; path = AppDelegate.swift; sourceTree = "<group>"; };
		3653F33D2C1C97B700A5CDAA /* SceneDelegate.swift */ = {isa = PBXFileReference; lastKnownFileType = sourcecode.swift; path = SceneDelegate.swift; sourceTree = "<group>"; };
		3653F3442C1C97B800A5CDAA /* Assets.xcassets */ = {isa = PBXFileReference; lastKnownFileType = folder.assetcatalog; path = Assets.xcassets; sourceTree = "<group>"; };
		3653F3472C1C97B800A5CDAA /* Base */ = {isa = PBXFileReference; lastKnownFileType = file.storyboard; name = Base; path = Base.lproj/LaunchScreen.storyboard; sourceTree = "<group>"; };
		3653F3492C1C97B800A5CDAA /* Info.plist */ = {isa = PBXFileReference; lastKnownFileType = text.plist.xml; path = Info.plist; sourceTree = "<group>"; };
		3653F3532C1C987700A5CDAA /* MainVC.swift */ = {isa = PBXFileReference; lastKnownFileType = sourcecode.swift; path = MainVC.swift; sourceTree = "<group>"; };
		3653F3542C1C987700A5CDAA /* MainVC.xib */ = {isa = PBXFileReference; lastKnownFileType = file.xib; path = MainVC.xib; sourceTree = "<group>"; };
		3653F35A2C1C98A600A5CDAA /* MainInteractor.swift */ = {isa = PBXFileReference; lastKnownFileType = sourcecode.swift; path = MainInteractor.swift; sourceTree = "<group>"; };
		3653F35D2C1C98FE00A5CDAA /* MainPresenter.swift */ = {isa = PBXFileReference; lastKnownFileType = sourcecode.swift; path = MainPresenter.swift; sourceTree = "<group>"; };
		3653F3602C1C995000A5CDAA /* MainRouter.swift */ = {isa = PBXFileReference; lastKnownFileType = sourcecode.swift; path = MainRouter.swift; sourceTree = "<group>"; };
		3653F3632C1C9A1D00A5CDAA /* MainBuilder.swift */ = {isa = PBXFileReference; lastKnownFileType = sourcecode.swift; path = MainBuilder.swift; sourceTree = "<group>"; };
		3653F3662C1C9DBC00A5CDAA /* UserResponse.swift */ = {isa = PBXFileReference; lastKnownFileType = sourcecode.swift; path = UserResponse.swift; sourceTree = "<group>"; };
		3653F3692C1C9DE000A5CDAA /* UserRequest.swift */ = {isa = PBXFileReference; lastKnownFileType = sourcecode.swift; path = UserRequest.swift; sourceTree = "<group>"; };
/* End PBXFileReference section */

/* Begin PBXFrameworksBuildPhase section */
		3653F3352C1C97B700A5CDAA /* Frameworks */ = {
			isa = PBXFrameworksBuildPhase;
			buildActionMask = 2147483647;
			files = (
			);
			runOnlyForDeploymentPostprocessing = 0;
		};
/* End PBXFrameworksBuildPhase section */

/* Begin PBXGroup section */
		3653F32F2C1C97B700A5CDAA = {
			isa = PBXGroup;
			children = (
				3653F33A2C1C97B700A5CDAA /* VIPEREXAMPLE */,
				3653F3392C1C97B700A5CDAA /* Products */,
			);
			sourceTree = "<group>";
		};
		3653F3392C1C97B700A5CDAA /* Products */ = {
			isa = PBXGroup;
			children = (
				3653F3382C1C97B700A5CDAA /* VIPEREXAMPLE.app */,
			);
			name = Products;
			sourceTree = "<group>";
		};
		3653F33A2C1C97B700A5CDAA /* VIPEREXAMPLE */ = {
			isa = PBXGroup;
			children = (
				3653F3522C1C985D00A5CDAA /* Delegates */,
				3653F34F2C1C982400A5CDAA /* Resources */,
				3653F3502C1C983200A5CDAA /* Storyboards */,
				3653F3512C1C983B00A5CDAA /* Supports */,
				3653F3592C1C988600A5CDAA /* Modules */,
			);
			path = VIPEREXAMPLE;
			sourceTree = "<group>";
		};
		3653F34F2C1C982400A5CDAA /* Resources */ = {
			isa = PBXGroup;
			children = (
				3653F3442C1C97B800A5CDAA /* Assets.xcassets */,
			);
			path = Resources;
			sourceTree = "<group>";
		};
		3653F3502C1C983200A5CDAA /* Storyboards */ = {
			isa = PBXGroup;
			children = (
				3653F3462C1C97B800A5CDAA /* LaunchScreen.storyboard */,
			);
			path = Storyboards;
			sourceTree = "<group>";
		};
		3653F3512C1C983B00A5CDAA /* Supports */ = {
			isa = PBXGroup;
			children = (
				3653F3492C1C97B800A5CDAA /* Info.plist */,
			);
			path = Supports;
			sourceTree = "<group>";
		};
		3653F3522C1C985D00A5CDAA /* Delegates */ = {
			isa = PBXGroup;
			children = (
				3653F33B2C1C97B700A5CDAA /* AppDelegate.swift */,
				3653F33D2C1C97B700A5CDAA /* SceneDelegate.swift */,
			);
			path = Delegates;
			sourceTree = "<group>";
		};
		3653F3572C1C987B00A5CDAA /* View */ = {
			isa = PBXGroup;
			children = (
				3653F3532C1C987700A5CDAA /* MainVC.swift */,
				3653F3542C1C987700A5CDAA /* MainVC.xib */,
			);
			path = View;
			sourceTree = "<group>";
		};
		3653F3582C1C988000A5CDAA /* Main */ = {
			isa = PBXGroup;
			children = (
				3653F3572C1C987B00A5CDAA /* View */,
				3653F35C2C1C98AB00A5CDAA /* Interactor */,
				3653F35F2C1C993F00A5CDAA /* Presenter */,
				3653F3682C1C9DCE00A5CDAA /* Entity */,
				3653F3622C1C998800A5CDAA /* Router */,
				3653F3652C1C9ADB00A5CDAA /* Builder */,
			);
			path = Main;
			sourceTree = "<group>";
		};
		3653F3592C1C988600A5CDAA /* Modules */ = {
			isa = PBXGroup;
			children = (
				3653F3582C1C988000A5CDAA /* Main */,
			);
			path = Modules;
			sourceTree = "<group>";
		};
		3653F35C2C1C98AB00A5CDAA /* Interactor */ = {
			isa = PBXGroup;
			children = (
				3653F35A2C1C98A600A5CDAA /* MainInteractor.swift */,
			);
			path = Interactor;
			sourceTree = "<group>";
		};
		3653F35F2C1C993F00A5CDAA /* Presenter */ = {
			isa = PBXGroup;
			children = (
				3653F35D2C1C98FE00A5CDAA /* MainPresenter.swift */,
			);
			path = Presenter;
			sourceTree = "<group>";
		};
		3653F3622C1C998800A5CDAA /* Router */ = {
			isa = PBXGroup;
			children = (
				3653F3602C1C995000A5CDAA /* MainRouter.swift */,
			);
			path = Router;
			sourceTree = "<group>";
		};
		3653F3652C1C9ADB00A5CDAA /* Builder */ = {
			isa = PBXGroup;
			children = (
				3653F3632C1C9A1D00A5CDAA /* MainBuilder.swift */,
			);
			path = Builder;
			sourceTree = "<group>";
		};
		3653F3682C1C9DCE00A5CDAA /* Entity */ = {
			isa = PBXGroup;
			children = (
				3653F3662C1C9DBC00A5CDAA /* UserResponse.swift */,
				3653F3692C1C9DE000A5CDAA /* UserRequest.swift */,
			);
			path = Entity;
			sourceTree = "<group>";
		};
/* End PBXGroup section */

/* Begin PBXNativeTarget section */
		3653F3372C1C97B700A5CDAA /* VIPEREXAMPLE */ = {
			isa = PBXNativeTarget;
			buildConfigurationList = 3653F34C2C1C97B800A5CDAA /* Build configuration list for PBXNativeTarget "VIPEREXAMPLE" */;
			buildPhases = (
				3653F3342C1C97B700A5CDAA /* Sources */,
				3653F3352C1C97B700A5CDAA /* Frameworks */,
				3653F3362C1C97B700A5CDAA /* Resources */,
			);
			buildRules = (
			);
			dependencies = (
			);
			name = VIPEREXAMPLE;
			productName = VIPEREXAMPLE;
			productReference = 3653F3382C1C97B700A5CDAA /* VIPEREXAMPLE.app */;
			productType = "com.apple.product-type.application";
		};
/* End PBXNativeTarget section */

/* Begin PBXProject section */
		3653F3302C1C97B700A5CDAA /* Project object */ = {
			isa = PBXProject;
			attributes = {
				BuildIndependentTargetsInParallel = 1;
				LastSwiftUpdateCheck = 1520;
				LastUpgradeCheck = 1520;
				TargetAttributes = {
					3653F3372C1C97B700A5CDAA = {
						CreatedOnToolsVersion = 15.2;
					};
				};
			};
			buildConfigurationList = 3653F3332C1C97B700A5CDAA /* Build configuration list for PBXProject "VIPEREXAMPLE" */;
			compatibilityVersion = "Xcode 14.0";
			developmentRegion = en;
			hasScannedForEncodings = 0;
			knownRegions = (
				en,
				Base,
			);
			mainGroup = 3653F32F2C1C97B700A5CDAA;
			productRefGroup = 3653F3392C1C97B700A5CDAA /* Products */;
			projectDirPath = "";
			projectRoot = "";
			targets = (
				3653F3372C1C97B700A5CDAA /* VIPEREXAMPLE */,
			);
		};
/* End PBXProject section */

/* Begin PBXResourcesBuildPhase section */
		3653F3362C1C97B700A5CDAA /* Resources */ = {
			isa = PBXResourcesBuildPhase;
			buildActionMask = 2147483647;
			files = (
				3653F3562C1C987700A5CDAA /* MainVC.xib in Resources */,
				3653F3482C1C97B800A5CDAA /* LaunchScreen.storyboard in Resources */,
				3653F3452C1C97B800A5CDAA /* Assets.xcassets in Resources */,
			);
			runOnlyForDeploymentPostprocessing = 0;
		};
/* End PBXResourcesBuildPhase section */

/* Begin PBXSourcesBuildPhase section */
		3653F3342C1C97B700A5CDAA /* Sources */ = {
			isa = PBXSourcesBuildPhase;
			buildActionMask = 2147483647;
			files = (
				3653F35E2C1C98FE00A5CDAA /* MainPresenter.swift in Sources */,
				3653F33C2C1C97B700A5CDAA /* AppDelegate.swift in Sources */,
				3653F36A2C1C9DE000A5CDAA /* UserRequest.swift in Sources */,
				3653F3552C1C987700A5CDAA /* MainVC.swift in Sources */,
				3653F3672C1C9DBC00A5CDAA /* UserResponse.swift in Sources */,
				3653F3642C1C9A1D00A5CDAA /* MainBuilder.swift in Sources */,
				3653F33E2C1C97B700A5CDAA /* SceneDelegate.swift in Sources */,
				3653F35B2C1C98A600A5CDAA /* MainInteractor.swift in Sources */,
				3653F3612C1C995000A5CDAA /* MainRouter.swift in Sources */,
			);
			runOnlyForDeploymentPostprocessing = 0;
		};
/* End PBXSourcesBuildPhase section */

/* Begin PBXVariantGroup section */
		3653F3462C1C97B800A5CDAA /* LaunchScreen.storyboard */ = {
			isa = PBXVariantGroup;
			children = (
				3653F3472C1C97B800A5CDAA /* Base */,
			);
			name = LaunchScreen.storyboard;
			sourceTree = "<group>";
		};
/* End PBXVariantGroup section */

/* Begin XCBuildConfiguration section */
		3653F34A2C1C97B800A5CDAA /* Debug */ = {
			isa = XCBuildConfiguration;
			buildSettings = {
				ALWAYS_SEARCH_USER_PATHS = NO;
				ASSETCATALOG_COMPILER_GENERATE_SWIFT_ASSET_SYMBOL_EXTENSIONS = YES;
				CLANG_ANALYZER_NONNULL = YES;
				CLANG_ANALYZER_NUMBER_OBJECT_CONVERSION = YES_AGGRESSIVE;
				CLANG_CXX_LANGUAGE_STANDARD = "gnu++20";
				CLANG_ENABLE_MODULES = YES;
				CLANG_ENABLE_OBJC_ARC = YES;
				CLANG_ENABLE_OBJC_WEAK = YES;
				CLANG_WARN_BLOCK_CAPTURE_AUTORELEASING = YES;
				CLANG_WARN_BOOL_CONVERSION = YES;
				CLANG_WARN_COMMA = YES;
				CLANG_WARN_CONSTANT_CONVERSION = YES;
				CLANG_WARN_DEPRECATED_OBJC_IMPLEMENTATIONS = YES;
				CLANG_WARN_DIRECT_OBJC_ISA_USAGE = YES_ERROR;
				CLANG_WARN_DOCUMENTATION_COMMENTS = YES;
				CLANG_WARN_EMPTY_BODY = YES;
				CLANG_WARN_ENUM_CONVERSION = YES;
				CLANG_WARN_INFINITE_RECURSION = YES;
				CLANG_WARN_INT_CONVERSION = YES;
				CLANG_WARN_NON_LITERAL_NULL_CONVERSION = YES;
				CLANG_WARN_OBJC_IMPLICIT_RETAIN_SELF = YES;
				CLANG_WARN_OBJC_LITERAL_CONVERSION = YES;
				CLANG_WARN_OBJC_ROOT_CLASS = YES_ERROR;
				CLANG_WARN_QUOTED_INCLUDE_IN_FRAMEWORK_HEADER = YES;
				CLANG_WARN_RANGE_LOOP_ANALYSIS = YES;
				CLANG_WARN_STRICT_PROTOTYPES = YES;
				CLANG_WARN_SUSPICIOUS_MOVE = YES;
				CLANG_WARN_UNGUARDED_AVAILABILITY = YES_AGGRESSIVE;
				CLANG_WARN_UNREACHABLE_CODE = YES;
				CLANG_WARN__DUPLICATE_METHOD_MATCH = YES;
				COPY_PHASE_STRIP = NO;
				DEBUG_INFORMATION_FORMAT = dwarf;
				ENABLE_STRICT_OBJC_MSGSEND = YES;
				ENABLE_TESTABILITY = YES;
				ENABLE_USER_SCRIPT_SANDBOXING = YES;
				GCC_C_LANGUAGE_STANDARD = gnu17;
				GCC_DYNAMIC_NO_PIC = NO;
				GCC_NO_COMMON_BLOCKS = YES;
				GCC_OPTIMIZATION_LEVEL = 0;
				GCC_PREPROCESSOR_DEFINITIONS = (
					"DEBUG=1",
					"$(inherited)",
				);
				GCC_WARN_64_TO_32_BIT_CONVERSION = YES;
				GCC_WARN_ABOUT_RETURN_TYPE = YES_ERROR;
				GCC_WARN_UNDECLARED_SELECTOR = YES;
				GCC_WARN_UNINITIALIZED_AUTOS = YES_AGGRESSIVE;
				GCC_WARN_UNUSED_FUNCTION = YES;
				GCC_WARN_UNUSED_VARIABLE = YES;
				IPHONEOS_DEPLOYMENT_TARGET = 17.2;
				LOCALIZATION_PREFERS_STRING_CATALOGS = YES;
				MTL_ENABLE_DEBUG_INFO = INCLUDE_SOURCE;
				MTL_FAST_MATH = YES;
				ONLY_ACTIVE_ARCH = YES;
				SDKROOT = iphoneos;
				SWIFT_ACTIVE_COMPILATION_CONDITIONS = "DEBUG $(inherited)";
				SWIFT_OPTIMIZATION_LEVEL = "-Onone";
			};
			name = Debug;
		};
		3653F34B2C1C97B800A5CDAA /* Release */ = {
			isa = XCBuildConfiguration;
			buildSettings = {
				ALWAYS_SEARCH_USER_PATHS = NO;
				ASSETCATALOG_COMPILER_GENERATE_SWIFT_ASSET_SYMBOL_EXTENSIONS = YES;
				CLANG_ANALYZER_NONNULL = YES;
				CLANG_ANALYZER_NUMBER_OBJECT_CONVERSION = YES_AGGRESSIVE;
				CLANG_CXX_LANGUAGE_STANDARD = "gnu++20";
				CLANG_ENABLE_MODULES = YES;
				CLANG_ENABLE_OBJC_ARC = YES;
				CLANG_ENABLE_OBJC_WEAK = YES;
				CLANG_WARN_BLOCK_CAPTURE_AUTORELEASING = YES;
				CLANG_WARN_BOOL_CONVERSION = YES;
				CLANG_WARN_COMMA = YES;
				CLANG_WARN_CONSTANT_CONVERSION = YES;
				CLANG_WARN_DEPRECATED_OBJC_IMPLEMENTATIONS = YES;
				CLANG_WARN_DIRECT_OBJC_ISA_USAGE = YES_ERROR;
				CLANG_WARN_DOCUMENTATION_COMMENTS = YES;
				CLANG_WARN_EMPTY_BODY = YES;
				CLANG_WARN_ENUM_CONVERSION = YES;
				CLANG_WARN_INFINITE_RECURSION = YES;
				CLANG_WARN_INT_CONVERSION = YES;
				CLANG_WARN_NON_LITERAL_NULL_CONVERSION = YES;
				CLANG_WARN_OBJC_IMPLICIT_RETAIN_SELF = YES;
				CLANG_WARN_OBJC_LITERAL_CONVERSION = YES;
				CLANG_WARN_OBJC_ROOT_CLASS = YES_ERROR;
				CLANG_WARN_QUOTED_INCLUDE_IN_FRAMEWORK_HEADER = YES;
				CLANG_WARN_RANGE_LOOP_ANALYSIS = YES;
				CLANG_WARN_STRICT_PROTOTYPES = YES;
				CLANG_WARN_SUSPICIOUS_MOVE = YES;
				CLANG_WARN_UNGUARDED_AVAILABILITY = YES_AGGRESSIVE;
				CLANG_WARN_UNREACHABLE_CODE = YES;
				CLANG_WARN__DUPLICATE_METHOD_MATCH = YES;
				COPY_PHASE_STRIP = NO;
				DEBUG_INFORMATION_FORMAT = "dwarf-with-dsym";
				ENABLE_NS_ASSERTIONS = NO;
				ENABLE_STRICT_OBJC_MSGSEND = YES;
				ENABLE_USER_SCRIPT_SANDBOXING = YES;
				GCC_C_LANGUAGE_STANDARD = gnu17;
				GCC_NO_COMMON_BLOCKS = YES;
				GCC_WARN_64_TO_32_BIT_CONVERSION = YES;
				GCC_WARN_ABOUT_RETURN_TYPE = YES_ERROR;
				GCC_WARN_UNDECLARED_SELECTOR = YES;
				GCC_WARN_UNINITIALIZED_AUTOS = YES_AGGRESSIVE;
				GCC_WARN_UNUSED_FUNCTION = YES;
				GCC_WARN_UNUSED_VARIABLE = YES;
				IPHONEOS_DEPLOYMENT_TARGET = 17.2;
				LOCALIZATION_PREFERS_STRING_CATALOGS = YES;
				MTL_ENABLE_DEBUG_INFO = NO;
				MTL_FAST_MATH = YES;
				SDKROOT = iphoneos;
				SWIFT_COMPILATION_MODE = wholemodule;
				VALIDATE_PRODUCT = YES;
			};
			name = Release;
		};
		3653F34D2C1C97B800A5CDAA /* Debug */ = {
			isa = XCBuildConfiguration;
			buildSettings = {
				ASSETCATALOG_COMPILER_APPICON_NAME = AppIcon;
				ASSETCATALOG_COMPILER_GLOBAL_ACCENT_COLOR_NAME = AccentColor;
				CODE_SIGN_STYLE = Automatic;
				CURRENT_PROJECT_VERSION = 1;
				DEVELOPMENT_TEAM = KT4PWW57Y9;
				GENERATE_INFOPLIST_FILE = YES;
				INFOPLIST_FILE = VIPEREXAMPLE/Supports/Info.plist;
				INFOPLIST_KEY_UIApplicationSupportsIndirectInputEvents = YES;
				INFOPLIST_KEY_UILaunchStoryboardName = LaunchScreen;
				INFOPLIST_KEY_UISupportedInterfaceOrientations_iPad = "UIInterfaceOrientationPortrait UIInterfaceOrientationPortraitUpsideDown UIInterfaceOrientationLandscapeLeft UIInterfaceOrientationLandscapeRight";
				INFOPLIST_KEY_UISupportedInterfaceOrientations_iPhone = "UIInterfaceOrientationPortrait UIInterfaceOrientationLandscapeLeft UIInterfaceOrientationLandscapeRight";
				LD_RUNPATH_SEARCH_PATHS = (
					"$(inherited)",
					"@executable_path/Frameworks",
				);
				MARKETING_VERSION = 1.0;
				PRODUCT_BUNDLE_IDENTIFIER = com.VIPEREXAMPLE;
				PRODUCT_NAME = "$(TARGET_NAME)";
				SWIFT_EMIT_LOC_STRINGS = YES;
				SWIFT_VERSION = 5.0;
				TARGETED_DEVICE_FAMILY = "1,2";
			};
			name = Debug;
		};
		3653F34E2C1C97B800A5CDAA /* Release */ = {
			isa = XCBuildConfiguration;
			buildSettings = {
				ASSETCATALOG_COMPILER_APPICON_NAME = AppIcon;
				ASSETCATALOG_COMPILER_GLOBAL_ACCENT_COLOR_NAME = AccentColor;
				CODE_SIGN_STYLE = Automatic;
				CURRENT_PROJECT_VERSION = 1;
				DEVELOPMENT_TEAM = KT4PWW57Y9;
				GENERATE_INFOPLIST_FILE = YES;
				INFOPLIST_FILE = VIPEREXAMPLE/Supports/Info.plist;
				INFOPLIST_KEY_UIApplicationSupportsIndirectInputEvents = YES;
				INFOPLIST_KEY_UILaunchStoryboardName = LaunchScreen;
				INFOPLIST_KEY_UISupportedInterfaceOrientations_iPad = "UIInterfaceOrientationPortrait UIInterfaceOrientationPortraitUpsideDown UIInterfaceOrientationLandscapeLeft UIInterfaceOrientationLandscapeRight";
				INFOPLIST_KEY_UISupportedInterfaceOrientations_iPhone = "UIInterfaceOrientationPortrait UIInterfaceOrientationLandscapeLeft UIInterfaceOrientationLandscapeRight";
				LD_RUNPATH_SEARCH_PATHS = (
					"$(inherited)",
					"@executable_path/Frameworks",
				);
				MARKETING_VERSION = 1.0;
				PRODUCT_BUNDLE_IDENTIFIER = com.VIPEREXAMPLE;
				PRODUCT_NAME = "$(TARGET_NAME)";
				SWIFT_EMIT_LOC_STRINGS = YES;
				SWIFT_VERSION = 5.0;
				TARGETED_DEVICE_FAMILY = "1,2";
			};
			name = Release;
		};
/* End XCBuildConfiguration section */

/* Begin XCConfigurationList section */
		3653F3332C1C97B700A5CDAA /* Build configuration list for PBXProject "VIPEREXAMPLE" */ = {
			isa = XCConfigurationList;
			buildConfigurations = (
				3653F34A2C1C97B800A5CDAA /* Debug */,
				3653F34B2C1C97B800A5CDAA /* Release */,
			);
			defaultConfigurationIsVisible = 0;
			defaultConfigurationName = Release;
		};
		3653F34C2C1C97B800A5CDAA /* Build configuration list for PBXNativeTarget "VIPEREXAMPLE" */ = {
			isa = XCConfigurationList;
			buildConfigurations = (
				3653F34D2C1C97B800A5CDAA /* Debug */,
				3653F34E2C1C97B800A5CDAA /* Release */,
			);
			defaultConfigurationIsVisible = 0;
			defaultConfigurationName = Release;
		};
/* End XCConfigurationList section */
	};
	rootObject = 3653F3302C1C97B700A5CDAA /* Project object */;
}
